# This file was autogenerated by Stack.
# You should not edit this file by hand.
# For more information, please see the documentation at:
#   https://docs.haskellstack.org/en/stable/topics/lock_files

packages:
- completed:
    hackage: validation-selective-0.2.0.0@sha256:9168753264dc499cb9f6c393f81c89d85818c8b0301b6c20c2f5c0b47f8da079,3917
    pantry-tree:
      sha256: ff57a31905b92ae118eead6ad69ff56f1dfa77f83acccb8f5d025e740d215c61
      size: 697
  original:
    hackage: validation-selective-0.2.0.0
- completed:
    hackage: nonempty-containers-0.3.4.4@sha256:a39a1373560ce7e8ed448712bf157d0be671045bdc18ed7c9edc4ea7df43dbf2,2705
    pantry-tree:
      sha256: bf30d8ae66f36d109cad6853f2e91693ba6b38253010cb83d35fe87c118ad500
      size: 1480
  original:
    hackage: nonempty-containers-0.3.4.4
- completed:
    hackage: optics-core-0.4.1@sha256:b163d1a8f392536c645cbd728c3e29d9f35864b25b1e3cef3a29806ee8a21c6b,5545
    pantry-tree:
      sha256: dc4cabaa2626c20a70a3e8781e994110bbd9f2c55f35a1c658e1c2b0d2db87c1
      size: 5380
  original:
    hackage: optics-core-0.4.1
snapshots:
- completed:
    sha256: 08bd13ce621b41a8f5e51456b38d5b46d7783ce114a50ab604d6bbab0d002146
    size: 720271
    url: https://raw.githubusercontent.com/commercialhaskell/stackage-snapshots/master/lts/22/43.yaml
  original: lts-22.43
